
Microsoft Visual Studio Solution File, Format Version 12.00
# Visual Studio Version 17
VisualStudioVersion = 17.0.31919.166
MinimumVisualStudioVersion = 10.0.40219.1
Project("{FAE04EC0-301F-11D3-BF4B-00C04F79EFBC}") = "ApiPeson", "ApiPeson\ApiPeson.csproj", "{A9D4DB35-E3AF-4A7D-BC33-A616E9444A17}"
EndProject
Global
	GlobalSection(SolutionConfigurationPlatforms) = preSolution
		Debug|Any CPU = Debug|Any CPU
		Release|Any CPU = Release|Any CPU
	EndGlobalSection
	GlobalSection(ProjectConfigurationPlatforms) = postSolution
		{A9D4DB35-E3AF-4A7D-BC33-A616E9444A17}.Debug|Any CPU.ActiveCfg = Debug|Any CPU
		{A9D4DB35-E3AF-4A7D-BC33-A616E9444A17}.Debug|Any CPU.Build.0 = Debug|Any CPU
		{A9D4DB35-E3AF-4A7D-BC33-A616E9444A17}.Release|Any CPU.ActiveCfg = Release|Any CPU
		{A9D4DB35-E3AF-4A7D-BC33-A616E9444A17}.Release|Any CPU.Build.0 = Release|Any CPU
	EndGlobalSection
	GlobalSection(SolutionProperties) = preSolution
		HideSolutionNode = FALSE
	EndGlobalSection
	GlobalSection(ExtensibilityGlobals) = postSolution
		SolutionGuid = {6C2A3BAE-4A79-4508-80B3-99931F7A48BE}
	EndGlobalSection
EndGlobal
